
Microsoft Visual Studio Solution File, Format Version 12.00
# Visual Studio Version 17
VisualStudioVersion = 17.8.34330.188
MinimumVisualStudioVersion = 10.0.40219.1
Project("{FAE04EC0-301F-11D3-BF4B-00C04F79EFBC}") = "MVC", "MVC\MVC.csproj", "{3D027C4F-71F5-4847-B8E2-2BE0B8DECCA5}"
EndProject
Global
	GlobalSection(SolutionConfigurationPlatforms) = preSolution
		Debug|Any CPU = Debug|Any CPU
		Release|Any CPU = Release|Any CPU
	EndGlobalSection
	GlobalSection(ProjectConfigurationPlatforms) = postSolution
		{3D027C4F-71F5-4847-B8E2-2BE0B8DECCA5}.Debug|Any CPU.ActiveCfg = Debug|Any CPU
		{3D027C4F-71F5-4847-B8E2-2BE0B8DECCA5}.Debug|Any CPU.Build.0 = Debug|Any CPU
		{3D027C4F-71F5-4847-B8E2-2BE0B8DECCA5}.Release|Any CPU.ActiveCfg = Release|Any CPU
		{3D027C4F-71F5-4847-B8E2-2BE0B8DECCA5}.Release|Any CPU.Build.0 = Release|Any CPU
	EndGlobalSection
	GlobalSection(SolutionProperties) = preSolution
		HideSolutionNode = FALSE
	EndGlobalSection
	GlobalSection(ExtensibilityGlobals) = postSolution
		SolutionGuid = {5BB39497-81C7-4228-A089-BC1CDF8D12B2}
	EndGlobalSection
EndGlobal
